// !$*UTF8*$!
{
	archiveVersion = 1;
	classes = {
	};
	objectVersion = 50;
	objects = {

/* Begin PBXBuildFile section */
		C550081723B8993B00497079 /* AppDelegate.swift in Sources */ = {isa = PBXBuildFile; fileRef = C550081623B8993B00497079 /* AppDelegate.swift */; };
		C550081923B8993B00497079 /* SceneDelegate.swift in Sources */ = {isa = PBXBuildFile; fileRef = C550081823B8993B00497079 /* SceneDelegate.swift */; };
		C550081B23B8993B00497079 /* ViewController.swift in Sources */ = {isa = PBXBuildFile; fileRef = C550081A23B8993B00497079 /* ViewController.swift */; };
		C550081E23B8993B00497079 /* Main.storyboard in Resources */ = {isa = PBXBuildFile; fileRef = C550081C23B8993B00497079 /* Main.storyboard */; };
		C550082023B8993D00497079 /* Assets.xcassets in Resources */ = {isa = PBXBuildFile; fileRef = C550081F23B8993D00497079 /* Assets.xcassets */; };
		C550082323B8993D00497079 /* LaunchScreen.storyboard in Resources */ = {isa = PBXBuildFile; fileRef = C550082123B8993D00497079 /* LaunchScreen.storyboard */; };
		C550082B23B899D200497079 /* NSAttributedStringExtension.swift in Sources */ = {isa = PBXBuildFile; fileRef = C550082A23B899D200497079 /* NSAttributedStringExtension.swift */; };
/* End PBXBuildFile section */

/* Begin PBXFileReference section */
		C550081323B8993B00497079 /* SwiftyAttributedString.app */ = {isa = PBXFileReference; explicitFileType = wrapper.application; includeInIndex = 0; path = SwiftyAttributedString.app; sourceTree = BUILT_PRODUCTS_DIR; };
		C550081623B8993B00497079 /* AppDelegate.swift */ = {isa = PBXFileReference; lastKnownFileType = sourcecode.swift; path = AppDelegate.swift; sourceTree = "<group>"; };
		C550081823B8993B00497079 /* SceneDelegate.swift */ = {isa = PBXFileReference; lastKnownFileType = sourcecode.swift; path = SceneDelegate.swift; sourceTree = "<group>"; };
		C550081A23B8993B00497079 /* ViewController.swift */ = {isa = PBXFileReference; lastKnownFileType = sourcecode.swift; path = ViewController.swift; sourceTree = "<group>"; };
		C550081D23B8993B00497079 /* Base */ = {isa = PBXFileReference; lastKnownFileType = file.storyboard; name = Base; path = Base.lproj/Main.storyboard; sourceTree = "<group>"; };
		C550081F23B8993D00497079 /* Assets.xcassets */ = {isa = PBXFileReference; lastKnownFileType = folder.assetcatalog; path = Assets.xcassets; sourceTree = "<group>"; };
		C550082223B8993D00497079 /* Base */ = {isa = PBXFileReference; lastKnownFileType = file.storyboard; name = Base; path = Base.lproj/LaunchScreen.storyboard; sourceTree = "<group>"; };
		C550082423B8993D00497079 /* Info.plist */ = {isa = PBXFileReference; lastKnownFileType = text.plist.xml; path = Info.plist; sourceTree = "<group>"; };
		C550082A23B899D200497079 /* NSAttributedStringExtension.swift */ = {isa = PBXFileReference; fileEncoding = 4; lastKnownFileType = sourcecode.swift; path = NSAttributedStringExtension.swift; sourceTree = "<group>"; };
/* End PBXFileReference section */

/* Begin PBXFrameworksBuildPhase section */
		C550081023B8993B00497079 /* Frameworks */ = {
			isa = PBXFrameworksBuildPhase;
			buildActionMask = 2147483647;
			files = (
			);
			runOnlyForDeploymentPostprocessing = 0;
		};
/* End PBXFrameworksBuildPhase section */

/* Begin PBXGroup section */
		C550080A23B8993B00497079 = {
			isa = PBXGroup;
			children = (
				C550081523B8993B00497079 /* SwiftyAttributedString */,
				C550081423B8993B00497079 /* Products */,
			);
			sourceTree = "<group>";
		};
		C550081423B8993B00497079 /* Products */ = {
			isa = PBXGroup;
			children = (
				C550081323B8993B00497079 /* SwiftyAttributedString.app */,
			);
			name = Products;
			sourceTree = "<group>";
		};
		C550081523B8993B00497079 /* SwiftyAttributedString */ = {
			isa = PBXGroup;
			children = (
				C550081623B8993B00497079 /* AppDelegate.swift */,
				C550081823B8993B00497079 /* SceneDelegate.swift */,
				C550081A23B8993B00497079 /* ViewController.swift */,
				C550082A23B899D200497079 /* NSAttributedStringExtension.swift */,
				C550081C23B8993B00497079 /* Main.storyboard */,
				C550081F23B8993D00497079 /* Assets.xcassets */,
				C550082123B8993D00497079 /* LaunchScreen.storyboard */,
				C550082423B8993D00497079 /* Info.plist */,
			);
			path = SwiftyAttributedString;
			sourceTree = "<group>";
		};
/* End PBXGroup section */

/* Begin PBXNativeTarget section */
		C550081223B8993B00497079 /* SwiftyAttributedString */ = {
			isa = PBXNativeTarget;
			buildConfigurationList = C550082723B8993D00497079 /* Build configuration list for PBXNativeTarget "SwiftyAttributedString" */;
			buildPhases = (
				C550080F23B8993B00497079 /* Sources */,
				C550081023B8993B00497079 /* Frameworks */,
				C550081123B8993B00497079 /* Resources */,
			);
			buildRules = (
			);
			dependencies = (
			);
			name = SwiftyAttributedString;
			productName = SwiftyAttributedString;
			productReference = C550081323B8993B00497079 /* SwiftyAttributedString.app */;
			productType = "com.apple.product-type.application";
		};
/* End PBXNativeTarget section */

/* Begin PBXProject section */
		C550080B23B8993B00497079 /* Project object */ = {
			isa = PBXProject;
			attributes = {
				LastSwiftUpdateCheck = 1130;
				LastUpgradeCheck = 1130;
				ORGANIZATIONNAME = fuyoufang;
				TargetAttributes = {
					C550081223B8993B00497079 = {
						CreatedOnToolsVersion = 11.3;
					};
				};
			};
			buildConfigurationList = C550080E23B8993B00497079 /* Build configuration list for PBXProject "SwiftyAttributedString" */;
			compatibilityVersion = "Xcode 9.3";
			developmentRegion = en;
			hasScannedForEncodings = 0;
			knownRegions = (
				en,
				Base,
			);
			mainGroup = C550080A23B8993B00497079;
			productRefGroup = C550081423B8993B00497079 /* Products */;
			projectDirPath = "";
			projectRoot = "";
			targets = (
				C550081223B8993B00497079 /* SwiftyAttributedString */,
			);
		};
/* End PBXProject section */

/* Begin PBXResourcesBuildPhase section */
		C550081123B8993B00497079 /* Resources */ = {
			isa = PBXResourcesBuildPhase;
			buildActionMask = 2147483647;
			files = (
				C550082323B8993D00497079 /* LaunchScreen.storyboard in Resources */,
				C550082023B8993D00497079 /* Assets.xcassets in Resources */,
				C550081E23B8993B00497079 /* Main.storyboard in Resources */,
			);
			runOnlyForDeploymentPostprocessing = 0;
		};
/* End PBXResourcesBuildPhase section */

/* Begin PBXSourcesBuildPhase section */
		C550080F23B8993B00497079 /* Sources */ = {
			isa = PBXSourcesBuildPhase;
			buildActionMask = 2147483647;
			files = (
				C550081B23B8993B00497079 /* ViewController.swift in Sources */,
				C550081723B8993B00497079 /* AppDelegate.swift in Sources */,
				C550081923B8993B00497079 /* SceneDelegate.swift in Sources */,
				C550082B23B899D200497079 /* NSAttributedStringExtension.swift in Sources */,
			);
			runOnlyForDeploymentPostprocessing = 0;
		};
/* End PBXSourcesBuildPhase section */

/* Begin PBXVariantGroup section */
		C550081C23B8993B00497079 /* Main.storyboard */ = {
			isa = PBXVariantGroup;
			children = (
				C550081D23B8993B00497079 /* Base */,
			);
			name = Main.storyboard;
			sourceTree = "<group>";
		};
		C550082123B8993D00497079 /* LaunchScreen.storyboard */ = {
			isa = PBXVariantGroup;
			children = (
				C550082223B8993D00497079 /* Base */,
			);
			name = LaunchScreen.storyboard;
			sourceTree = "<group>";
		};
/* End PBXVariantGroup section */

/* Begin XCBuildConfiguration section */
		C550082523B8993D00497079 /* Debug */ = {
			isa = XCBuildConfiguration;
			buildSettings = {
				ALWAYS_SEARCH_USER_PATHS = NO;
				CLANG_ANALYZER_NONNULL = YES;
				CLANG_ANALYZER_NUMBER_OBJECT_CONVERSION = YES_AGGRESSIVE;
				CLANG_CXX_LANGUAGE_STANDARD = "gnu++14";
				CLANG_CXX_LIBRARY = "libc++";
				CLANG_ENABLE_MODULES = YES;
				CLANG_ENABLE_OBJC_ARC = YES;
				CLANG_ENABLE_OBJC_WEAK = YES;
				CLANG_WARN_BLOCK_CAPTURE_AUTORELEASING = YES;
				CLANG_WARN_BOOL_CONVERSION = YES;
				CLANG_WARN_COMMA = YES;
				CLANG_WARN_CONSTANT_CONVERSION = YES;
				CLANG_WARN_DEPRECATED_OBJC_IMPLEMENTATIONS = YES;
				CLANG_WARN_DIRECT_OBJC_ISA_USAGE = YES_ERROR;
				CLANG_WARN_DOCUMENTATION_COMMENTS = YES;
				CLANG_WARN_EMPTY_BODY = YES;
				CLANG_WARN_ENUM_CONVERSION = YES;
				CLANG_WARN_INFINITE_RECURSION = YES;
				CLANG_WARN_INT_CONVERSION = YES;
				CLANG_WARN_NON_LITERAL_NULL_CONVERSION = YES;
				CLANG_WARN_OBJC_IMPLICIT_RETAIN_SELF = YES;
				CLANG_WARN_OBJC_LITERAL_CONVERSION = YES;
				CLANG_WARN_OBJC_ROOT_CLASS = YES_ERROR;
				CLANG_WARN_RANGE_LOOP_ANALYSIS = YES;
				CLANG_WARN_STRICT_PROTOTYPES = YES;
				CLANG_WARN_SUSPICIOUS_MOVE = YES;
				CLANG_WARN_UNGUARDED_AVAILABILITY = YES_AGGRESSIVE;
				CLANG_WARN_UNREACHABLE_CODE = YES;
				CLANG_WARN__DUPLICATE_METHOD_MATCH = YES;
				COPY_PHASE_STRIP = NO;
				DEBUG_INFORMATION_FORMAT = dwarf;
				ENABLE_STRICT_OBJC_MSGSEND = YES;
				ENABLE_TESTABILITY = YES;
				GCC_C_LANGUAGE_STANDARD = gnu11;
				GCC_DYNAMIC_NO_PIC = NO;
				GCC_NO_COMMON_BLOCKS = YES;
				GCC_OPTIMIZATION_LEVEL = 0;
				GCC_PREPROCESSOR_DEFINITIONS = (
					"DEBUG=1",
					"$(inherited)",
				);
				GCC_WARN_64_TO_32_BIT_CONVERSION = YES;
				GCC_WARN_ABOUT_RETURN_TYPE = YES_ERROR;
				GCC_WARN_UNDECLARED_SELECTOR = YES;
				GCC_WARN_UNINITIALIZED_AUTOS = YES_AGGRESSIVE;
				GCC_WARN_UNUSED_FUNCTION = YES;
				GCC_WARN_UNUSED_VARIABLE = YES;
				IPHONEOS_DEPLOYMENT_TARGET = 13.2;
				MTL_ENABLE_DEBUG_INFO = INCLUDE_SOURCE;
				MTL_FAST_MATH = YES;
				ONLY_ACTIVE_ARCH = YES;
				SDKROOT = iphoneos;
				SWIFT_ACTIVE_COMPILATION_CONDITIONS = DEBUG;
				SWIFT_OPTIMIZATION_LEVEL = "-Onone";
			};
			name = Debug;
		};
		C550082623B8993D00497079 /* Release */ = {
			isa = XCBuildConfiguration;
			buildSettings = {
				ALWAYS_SEARCH_USER_PATHS = NO;
				CLANG_ANALYZER_NONNULL = YES;
				CLANG_ANALYZER_NUMBER_OBJECT_CONVERSION = YES_AGGRESSIVE;
				CLANG_CXX_LANGUAGE_STANDARD = "gnu++14";
				CLANG_CXX_LIBRARY = "libc++";
				CLANG_ENABLE_MODULES = YES;
				CLANG_ENABLE_OBJC_ARC = YES;
				CLANG_ENABLE_OBJC_WEAK = YES;
				CLANG_WARN_BLOCK_CAPTURE_AUTORELEASING = YES;
				CLANG_WARN_BOOL_CONVERSION = YES;
				CLANG_WARN_COMMA = YES;
				CLANG_WARN_CONSTANT_CONVERSION = YES;
				CLANG_WARN_DEPRECATED_OBJC_IMPLEMENTATIONS = YES;
				CLANG_WARN_DIRECT_OBJC_ISA_USAGE = YES_ERROR;
				CLANG_WARN_DOCUMENTATION_COMMENTS = YES;
				CLANG_WARN_EMPTY_BODY = YES;
				CLANG_WARN_ENUM_CONVERSION = YES;
				CLANG_WARN_INFINITE_RECURSION = YES;
				CLANG_WARN_INT_CONVERSION = YES;
				CLANG_WARN_NON_LITERAL_NULL_CONVERSION = YES;
				CLANG_WARN_OBJC_IMPLICIT_RETAIN_SELF = YES;
				CLANG_WARN_OBJC_LITERAL_CONVERSION = YES;
				CLANG_WARN_OBJC_ROOT_CLASS = YES_ERROR;
				CLANG_WARN_RANGE_LOOP_ANALYSIS = YES;
				CLANG_WARN_STRICT_PROTOTYPES = YES;
				CLANG_WARN_SUSPICIOUS_MOVE = YES;
				CLANG_WARN_UNGUARDED_AVAILABILITY = YES_AGGRESSIVE;
				CLANG_WARN_UNREACHABLE_CODE = YES;
				CLANG_WARN__DUPLICATE_METHOD_MATCH = YES;
				COPY_PHASE_STRIP = NO;
				DEBUG_INFORMATION_FORMAT = "dwarf-with-dsym";
				ENABLE_NS_ASSERTIONS = NO;
				ENABLE_STRICT_OBJC_MSGSEND = YES;
				GCC_C_LANGUAGE_STANDARD = gnu11;
				GCC_NO_COMMON_BLOCKS = YES;
				GCC_WARN_64_TO_32_BIT_CONVERSION = YES;
				GCC_WARN_ABOUT_RETURN_TYPE = YES_ERROR;
				GCC_WARN_UNDECLARED_SELECTOR = YES;
				GCC_WARN_UNINITIALIZED_AUTOS = YES_AGGRESSIVE;
				GCC_WARN_UNUSED_FUNCTION = YES;
				GCC_WARN_UNUSED_VARIABLE = YES;
				IPHONEOS_DEPLOYMENT_TARGET = 13.2;
				MTL_ENABLE_DEBUG_INFO = NO;
				MTL_FAST_MATH = YES;
				SDKROOT = iphoneos;
				SWIFT_COMPILATION_MODE = wholemodule;
				SWIFT_OPTIMIZATION_LEVEL = "-O";
				VALIDATE_PRODUCT = YES;
			};
			name = Release;
		};
		C550082823B8993D00497079 /* Debug */ = {
			isa = XCBuildConfiguration;
			buildSettings = {
				ASSETCATALOG_COMPILER_APPICON_NAME = AppIcon;
				CODE_SIGN_STYLE = Automatic;
				INFOPLIST_FILE = SwiftyAttributedString/Info.plist;
				LD_RUNPATH_SEARCH_PATHS = (
					"$(inherited)",
					"@executable_path/Frameworks",
				);
				PRODUCT_BUNDLE_IDENTIFIER = com.fuyoufang.SwiftyAttributedString;
				PRODUCT_NAME = "$(TARGET_NAME)";
				SWIFT_VERSION = 5.0;
				TARGETED_DEVICE_FAMILY = "1,2";
			};
			name = Debug;
		};
		C550082923B8993D00497079 /* Release */ = {
			isa = XCBuildConfiguration;
			buildSettings = {
				ASSETCATALOG_COMPILER_APPICON_NAME = AppIcon;
				CODE_SIGN_STYLE = Automatic;
				INFOPLIST_FILE = SwiftyAttributedString/Info.plist;
				LD_RUNPATH_SEARCH_PATHS = (
					"$(inherited)",
					"@executable_path/Frameworks",
				);
				PRODUCT_BUNDLE_IDENTIFIER = com.fuyoufang.SwiftyAttributedString;
				PRODUCT_NAME = "$(TARGET_NAME)";
				SWIFT_VERSION = 5.0;
				TARGETED_DEVICE_FAMILY = "1,2";
			};
			name = Release;
		};
/* End XCBuildConfiguration section */

/* Begin XCConfigurationList section */
		C550080E23B8993B00497079 /* Build configuration list for PBXProject "SwiftyAttributedString" */ = {
			isa = XCConfigurationList;
			buildConfigurations = (
				C550082523B8993D00497079 /* Debug */,
				C550082623B8993D00497079 /* Release */,
			);
			defaultConfigurationIsVisible = 0;
			defaultConfigurationName = Release;
		};
		C550082723B8993D00497079 /* Build configuration list for PBXNativeTarget "SwiftyAttributedString" */ = {
			isa = XCConfigurationList;
			buildConfigurations = (
				C550082823B8993D00497079 /* Debug */,
				C550082923B8993D00497079 /* Release */,
			);
			defaultConfigurationIsVisible = 0;
			defaultConfigurationName = Release;
		};
/* End XCConfigurationList section */
	};
	rootObject = C550080B23B8993B00497079 /* Project object */;
}
